
Microsoft Visual Studio Solution File, Format Version 12.00
Project("{FAE04EC0-301F-11D3-BF4B-00C04F79EFBC}") = "InfiniLore.Blazor", "src\InfiniLore.Blazor\InfiniLore.Blazor.csproj", "{64B26DED-68C3-47FF-B409-1C8FAD4F9176}"
EndProject
Project("{FAE04EC0-301F-11D3-BF4B-00C04F79EFBC}") = "Tests.InfiniLore.Blazor", "tests\Tests.InfiniLore.Blazor\Tests.InfiniLore.Blazor.csproj", "{26284571-0E09-4BAF-8C2B-DF87DCC1BA0B}"
EndProject
Project("{2150E333-8FDC-42A3-9474-1A3956D46DE8}") = "src", "src", "{197E72AD-DEAB-4350-AFC3-A3BB38720BF5}"
EndProject
Project("{2150E333-8FDC-42A3-9474-1A3956D46DE8}") = "tests", "tests", "{8DD280D4-1E14-4D5E-AFE6-58DD8F079DCC}"
EndProject
Project("{2150E333-8FDC-42A3-9474-1A3956D46DE8}") = "tools", "tools", "{AF1A203C-6EF1-440E-BB3C-55B1DBFE9C19}"
EndProject
Project("{FAE04EC0-301F-11D3-BF4B-00C04F79EFBC}") = "Tools.InfiniLore.Blazor", "src\Tools.InfiniLore.Blazor\Tools.InfiniLore.Blazor.csproj", "{ADEADD97-0AFA-4D9E-970B-9FFB932949B3}"
EndProject
Project("{2150E333-8FDC-42A3-9474-1A3956D46DE8}") = "example", "example", "{85D9748B-B4DD-428D-850A-DCF23F8DBA39}"
EndProject
Project("{FAE04EC0-301F-11D3-BF4B-00C04F79EFBC}") = "Example.InfiniLore.Blazor", "examples\Example.InfiniLore.Blazor\Example.InfiniLore.Blazor.csproj", "{78F61C2B-D604-4A86-AE33-D79EA2FA2E45}"
EndProject
Project("{FAE04EC0-301F-11D3-BF4B-00C04F79EFBC}") = "InfiniLore.Blazor.Markdown", "src\InfiniLore.Blazor.Markdown\InfiniLore.Blazor.Markdown.csproj", "{74319491-2796-4763-9365-5215E4C4D5DC}"
EndProject
Project("{FAE04EC0-301F-11D3-BF4B-00C04F79EFBC}") = "InfiniLore.Blazor.Contracts", "src\InfiniLore.Blazor.Contracts\InfiniLore.Blazor.Contracts.csproj", "{C03EF489-833D-404F-B3AE-A5A266499F23}"
EndProject
Project("{FAE04EC0-301F-11D3-BF4B-00C04F79EFBC}") = "Tests.InfiniLore.Blazor.Markdown", "tests\Tests.InfiniLore.Blazor.Markdown\Tests.InfiniLore.Blazor.Markdown.csproj", "{1210F705-ABBA-4EC0-943A-E9CC35B1642A}"
EndProject
Project("{FAE04EC0-301F-11D3-BF4B-00C04F79EFBC}") = "Benchmarks.InfiniLore.Blazor.Markdown", "tests\Benchmarks.InfiniLore.Blazor.Markdown\Benchmarks.InfiniLore.Blazor.Markdown.csproj", "{E5C1D953-B6DB-4CC0-8490-BF2F43994D92}"
EndProject
Project("{2150E333-8FDC-42A3-9474-1A3956D46DE8}") = ".dev-tools", ".dev-tools", "{25ED7F52-E54D-45E9-8CC9-37E2FB0F08F2}"
	ProjectSection(SolutionItems) = preProject
		package.json = package.json
	EndProjectSection
EndProject
Project("{2150E333-8FDC-42A3-9474-1A3956D46DE8}") = "tailwind", "tailwind", "{42FE03BE-7358-4D1E-9A9C-D9FAAC1564D3}"
	ProjectSection(SolutionItems) = preProject
		tailwind.config.js = tailwind.config.js
	EndProjectSection
EndProject
Project("{2150E333-8FDC-42A3-9474-1A3956D46DE8}") = "typescript", "typescript", "{401208E4-BA9D-4FD0-80F0-466634E00E90}"
	ProjectSection(SolutionItems) = preProject
		tsconfig.json = tsconfig.json
		webpack.config.js = webpack.config.js
	EndProjectSection
EndProject
Global
	GlobalSection(SolutionConfigurationPlatforms) = preSolution
		Debug|Any CPU = Debug|Any CPU
		Release|Any CPU = Release|Any CPU
	EndGlobalSection
	GlobalSection(ProjectConfigurationPlatforms) = postSolution
		{64B26DED-68C3-47FF-B409-1C8FAD4F9176}.Debug|Any CPU.ActiveCfg = Debug|Any CPU
		{64B26DED-68C3-47FF-B409-1C8FAD4F9176}.Debug|Any CPU.Build.0 = Debug|Any CPU
		{64B26DED-68C3-47FF-B409-1C8FAD4F9176}.Release|Any CPU.ActiveCfg = Release|Any CPU
		{64B26DED-68C3-47FF-B409-1C8FAD4F9176}.Release|Any CPU.Build.0 = Release|Any CPU
		{26284571-0E09-4BAF-8C2B-DF87DCC1BA0B}.Debug|Any CPU.ActiveCfg = Debug|Any CPU
		{26284571-0E09-4BAF-8C2B-DF87DCC1BA0B}.Debug|Any CPU.Build.0 = Debug|Any CPU
		{26284571-0E09-4BAF-8C2B-DF87DCC1BA0B}.Release|Any CPU.ActiveCfg = Release|Any CPU
		{26284571-0E09-4BAF-8C2B-DF87DCC1BA0B}.Release|Any CPU.Build.0 = Release|Any CPU
		{ADEADD97-0AFA-4D9E-970B-9FFB932949B3}.Debug|Any CPU.ActiveCfg = Debug|Any CPU
		{ADEADD97-0AFA-4D9E-970B-9FFB932949B3}.Debug|Any CPU.Build.0 = Debug|Any CPU
		{ADEADD97-0AFA-4D9E-970B-9FFB932949B3}.Release|Any CPU.ActiveCfg = Release|Any CPU
		{ADEADD97-0AFA-4D9E-970B-9FFB932949B3}.Release|Any CPU.Build.0 = Release|Any CPU
		{78F61C2B-D604-4A86-AE33-D79EA2FA2E45}.Debug|Any CPU.ActiveCfg = Debug|Any CPU
		{78F61C2B-D604-4A86-AE33-D79EA2FA2E45}.Debug|Any CPU.Build.0 = Debug|Any CPU
		{78F61C2B-D604-4A86-AE33-D79EA2FA2E45}.Release|Any CPU.ActiveCfg = Release|Any CPU
		{78F61C2B-D604-4A86-AE33-D79EA2FA2E45}.Release|Any CPU.Build.0 = Release|Any CPU
		{74319491-2796-4763-9365-5215E4C4D5DC}.Debug|Any CPU.ActiveCfg = Debug|Any CPU
		{74319491-2796-4763-9365-5215E4C4D5DC}.Debug|Any CPU.Build.0 = Debug|Any CPU
		{74319491-2796-4763-9365-5215E4C4D5DC}.Release|Any CPU.ActiveCfg = Release|Any CPU
		{74319491-2796-4763-9365-5215E4C4D5DC}.Release|Any CPU.Build.0 = Release|Any CPU
		{C03EF489-833D-404F-B3AE-A5A266499F23}.Debug|Any CPU.ActiveCfg = Debug|Any CPU
		{C03EF489-833D-404F-B3AE-A5A266499F23}.Debug|Any CPU.Build.0 = Debug|Any CPU
		{C03EF489-833D-404F-B3AE-A5A266499F23}.Release|Any CPU.ActiveCfg = Release|Any CPU
		{C03EF489-833D-404F-B3AE-A5A266499F23}.Release|Any CPU.Build.0 = Release|Any CPU
		{1210F705-ABBA-4EC0-943A-E9CC35B1642A}.Debug|Any CPU.ActiveCfg = Debug|Any CPU
		{1210F705-ABBA-4EC0-943A-E9CC35B1642A}.Debug|Any CPU.Build.0 = Debug|Any CPU
		{1210F705-ABBA-4EC0-943A-E9CC35B1642A}.Release|Any CPU.ActiveCfg = Release|Any CPU
		{1210F705-ABBA-4EC0-943A-E9CC35B1642A}.Release|Any CPU.Build.0 = Release|Any CPU
		{E5C1D953-B6DB-4CC0-8490-BF2F43994D92}.Debug|Any CPU.ActiveCfg = Debug|Any CPU
		{E5C1D953-B6DB-4CC0-8490-BF2F43994D92}.Debug|Any CPU.Build.0 = Debug|Any CPU
		{E5C1D953-B6DB-4CC0-8490-BF2F43994D92}.Release|Any CPU.ActiveCfg = Release|Any CPU
		{E5C1D953-B6DB-4CC0-8490-BF2F43994D92}.Release|Any CPU.Build.0 = Release|Any CPU
	EndGlobalSection
	GlobalSection(NestedProjects) = preSolution
		{26284571-0E09-4BAF-8C2B-DF87DCC1BA0B} = {8DD280D4-1E14-4D5E-AFE6-58DD8F079DCC}
		{64B26DED-68C3-47FF-B409-1C8FAD4F9176} = {197E72AD-DEAB-4350-AFC3-A3BB38720BF5}
		{ADEADD97-0AFA-4D9E-970B-9FFB932949B3} = {AF1A203C-6EF1-440E-BB3C-55B1DBFE9C19}
		{78F61C2B-D604-4A86-AE33-D79EA2FA2E45} = {85D9748B-B4DD-428D-850A-DCF23F8DBA39}
		{74319491-2796-4763-9365-5215E4C4D5DC} = {197E72AD-DEAB-4350-AFC3-A3BB38720BF5}
		{C03EF489-833D-404F-B3AE-A5A266499F23} = {197E72AD-DEAB-4350-AFC3-A3BB38720BF5}
		{1210F705-ABBA-4EC0-943A-E9CC35B1642A} = {8DD280D4-1E14-4D5E-AFE6-58DD8F079DCC}
		{E5C1D953-B6DB-4CC0-8490-BF2F43994D92} = {8DD280D4-1E14-4D5E-AFE6-58DD8F079DCC}
		{42FE03BE-7358-4D1E-9A9C-D9FAAC1564D3} = {25ED7F52-E54D-45E9-8CC9-37E2FB0F08F2}
		{401208E4-BA9D-4FD0-80F0-466634E00E90} = {25ED7F52-E54D-45E9-8CC9-37E2FB0F08F2}
	EndGlobalSection
EndGlobal
