
Microsoft Visual Studio Solution File, Format Version 12.00
Project("{FAE04EC0-301F-11D3-BF4B-00C04F79EFBC}") = "InfiniLore.InfiniBlazor", "src\InfiniLore.InfiniBlazor\InfiniLore.InfiniBlazor.csproj", "{64B26DED-68C3-47FF-B409-1C8FAD4F9176}"
EndProject
Project("{FAE04EC0-301F-11D3-BF4B-00C04F79EFBC}") = "Tests.InfiniLore.InfiniBlazor", "tests\Tests.InfiniLore.InfiniBlazor\Tests.InfiniLore.InfiniBlazor.csproj", "{26284571-0E09-4BAF-8C2B-DF87DCC1BA0B}"
EndProject
Project("{2150E333-8FDC-42A3-9474-1A3956D46DE8}") = "src", "src", "{197E72AD-DEAB-4350-AFC3-A3BB38720BF5}"
EndProject
Project("{2150E333-8FDC-42A3-9474-1A3956D46DE8}") = "tests", "tests", "{8DD280D4-1E14-4D5E-AFE6-58DD8F079DCC}"
EndProject
Project("{FAE04EC0-301F-11D3-BF4B-00C04F79EFBC}") = "Tools.InfiniLore.InfiniBlazor", "src\Tools.InfiniLore.InfiniBlazor\Tools.InfiniLore.InfiniBlazor.csproj", "{ADEADD97-0AFA-4D9E-970B-9FFB932949B3}"
EndProject
Project("{2150E333-8FDC-42A3-9474-1A3956D46DE8}") = "example", "example", "{85D9748B-B4DD-428D-850A-DCF23F8DBA39}"
EndProject
Project("{FAE04EC0-301F-11D3-BF4B-00C04F79EFBC}") = "Example.InfiniLore.InfiniBlazor", "examples\Example.InfiniLore.InfiniBlazor\Example.InfiniLore.InfiniBlazor.csproj", "{78F61C2B-D604-4A86-AE33-D79EA2FA2E45}"
EndProject
Project("{FAE04EC0-301F-11D3-BF4B-00C04F79EFBC}") = "InfiniLore.InfiniBlazor.Markdown", "src\InfiniLore.InfiniBlazor.Markdown\InfiniLore.InfiniBlazor.Markdown.csproj", "{74319491-2796-4763-9365-5215E4C4D5DC}"
EndProject
Project("{FAE04EC0-301F-11D3-BF4B-00C04F79EFBC}") = "InfiniLore.InfiniBlazor.Contracts", "src\InfiniLore.InfiniBlazor.Contracts\InfiniLore.InfiniBlazor.Contracts.csproj", "{C03EF489-833D-404F-B3AE-A5A266499F23}"
EndProject
Project("{FAE04EC0-301F-11D3-BF4B-00C04F79EFBC}") = "Tests.InfiniLore.InfiniBlazor.Markdown", "tests\Tests.InfiniLore.InfiniBlazor.Markdown\Tests.InfiniLore.InfiniBlazor.Markdown.csproj", "{1210F705-ABBA-4EC0-943A-E9CC35B1642A}"
EndProject
Project("{FAE04EC0-301F-11D3-BF4B-00C04F79EFBC}") = "Benchmarks.InfiniLore.InfiniBlazor.Markdown", "tests\Benchmarks.InfiniLore.InfiniBlazor.Markdown\Benchmarks.InfiniLore.InfiniBlazor.Markdown.csproj", "{E5C1D953-B6DB-4CC0-8490-BF2F43994D92}"
EndProject
Project("{2150E333-8FDC-42A3-9474-1A3956D46DE8}") = ".dev-tools", ".dev-tools", "{25ED7F52-E54D-45E9-8CC9-37E2FB0F08F2}"
	ProjectSection(SolutionItems) = preProject
		README.md = README.md
		Directory.Packages.props = Directory.Packages.props
	EndProjectSection
EndProject
Project("{FAE04EC0-301F-11D3-BF4B-00C04F79EFBC}") = "InfiniLore.InfiniBlazor.Theming", "src\InfiniLore.InfiniBlazor.Theming\InfiniLore.InfiniBlazor.Theming.csproj", "{FFA584A8-9F7E-47BF-926B-E6CDE1461C10}"
EndProject
Project("{2150E333-8FDC-42A3-9474-1A3956D46DE8}") = "web", "web", "{5617CC84-C589-46E6-9E36-7F891590BE0F}"
	ProjectSection(SolutionItems) = preProject
		tsconfig.json = tsconfig.json
		package.json = package.json
		webpack.config.js = webpack.config.js
		tailwind.config.js = tailwind.config.js
	EndProjectSection
EndProject
Project("{FAE04EC0-301F-11D3-BF4B-00C04F79EFBC}") = "Tests.InfiniLore.InfiniBlazor.Theming", "tests\Tests.InfiniLore.InfiniBlazor.Theming\Tests.InfiniLore.InfiniBlazor.Theming.csproj", "{EE5CD42F-C866-4B30-8C55-AA789F8272A5}"
EndProject
Project("{2150E333-8FDC-42A3-9474-1A3956D46DE8}") = "github", "github", "{2DDCBB0C-9075-4F2B-8987-0D9B0BADB9FD}"
	ProjectSection(SolutionItems) = preProject
		.github\workflows\release.yml = .github\workflows\release.yml
		.github\workflows\workflow-todo.yml = .github\workflows\workflow-todo.yml
		.github\workflows\onPullRequest-TestDotnet.yml = .github\workflows\onPullRequest-TestDotnet.yml
	EndProjectSection
EndProject
Project("{FAE04EC0-301F-11D3-BF4B-00C04F79EFBC}") = "InfiniLore.InfiniBlazor.Theming.Generators", "src\InfiniLore.InfiniBlazor.Theming.Generators\InfiniLore.InfiniBlazor.Theming.Generators.csproj", "{04EF6EB0-62B4-4A01-89B6-2BD0CCF8554C}"
EndProject
Project("{FAE04EC0-301F-11D3-BF4B-00C04F79EFBC}") = "InfiniLore.InfiniBlazor.Theming.Library", "src\InfiniLore.InfiniBlazor.Theming.Library\InfiniLore.InfiniBlazor.Theming.Library.csproj", "{A30AFF91-165D-46BA-994C-E3184431D320}"
EndProject
Project("{FAE04EC0-301F-11D3-BF4B-00C04F79EFBC}") = "InfiniLore.InfiniBlazor.Toasting", "src\InfiniLore.InfiniBlazor.Toasting\InfiniLore.InfiniBlazor.Toasting.csproj", "{4AD1DD6F-E20D-4FBA-821D-4CEB5F7727C4}"
EndProject
Project("{FAE04EC0-301F-11D3-BF4B-00C04F79EFBC}") = "Tests.InfiniLore.InfiniBlazor.Toasting", "tests\Tests.InfiniLore.InfiniBlazor.Toasting\Tests.InfiniLore.InfiniBlazor.Toasting.csproj", "{D6AACAFA-1E09-42F6-B790-8A1283C1E1CA}"
EndProject
Project("{FAE04EC0-301F-11D3-BF4B-00C04F79EFBC}") = "InfiniLore.InfiniBlazor.Core", "src\InfiniLore.InfiniBlazor.Core\InfiniLore.InfiniBlazor.Core.csproj", "{548CE6AF-871D-4D8F-98CB-E55976C58E1A}"
EndProject
Project("{FAE04EC0-301F-11D3-BF4B-00C04F79EFBC}") = "Tests.InfiniLore.InfiniBlazor.Core", "tests\Tests.InfiniLore.InfiniBlazor.Core\Tests.InfiniLore.InfiniBlazor.Core.csproj", "{0E7DB92F-9645-452A-A8D5-97F29F3256D0}"
EndProject
Global
	GlobalSection(SolutionConfigurationPlatforms) = preSolution
		Debug|Any CPU = Debug|Any CPU
		Release|Any CPU = Release|Any CPU
	EndGlobalSection
	GlobalSection(ProjectConfigurationPlatforms) = postSolution
		{64B26DED-68C3-47FF-B409-1C8FAD4F9176}.Debug|Any CPU.ActiveCfg = Debug|Any CPU
		{64B26DED-68C3-47FF-B409-1C8FAD4F9176}.Debug|Any CPU.Build.0 = Debug|Any CPU
		{64B26DED-68C3-47FF-B409-1C8FAD4F9176}.Release|Any CPU.ActiveCfg = Release|Any CPU
		{64B26DED-68C3-47FF-B409-1C8FAD4F9176}.Release|Any CPU.Build.0 = Release|Any CPU
		{26284571-0E09-4BAF-8C2B-DF87DCC1BA0B}.Debug|Any CPU.ActiveCfg = Debug|Any CPU
		{26284571-0E09-4BAF-8C2B-DF87DCC1BA0B}.Debug|Any CPU.Build.0 = Debug|Any CPU
		{26284571-0E09-4BAF-8C2B-DF87DCC1BA0B}.Release|Any CPU.ActiveCfg = Release|Any CPU
		{26284571-0E09-4BAF-8C2B-DF87DCC1BA0B}.Release|Any CPU.Build.0 = Release|Any CPU
		{ADEADD97-0AFA-4D9E-970B-9FFB932949B3}.Debug|Any CPU.ActiveCfg = Debug|Any CPU
		{ADEADD97-0AFA-4D9E-970B-9FFB932949B3}.Debug|Any CPU.Build.0 = Debug|Any CPU
		{ADEADD97-0AFA-4D9E-970B-9FFB932949B3}.Release|Any CPU.ActiveCfg = Release|Any CPU
		{ADEADD97-0AFA-4D9E-970B-9FFB932949B3}.Release|Any CPU.Build.0 = Release|Any CPU
		{78F61C2B-D604-4A86-AE33-D79EA2FA2E45}.Debug|Any CPU.ActiveCfg = Debug|Any CPU
		{78F61C2B-D604-4A86-AE33-D79EA2FA2E45}.Debug|Any CPU.Build.0 = Debug|Any CPU
		{78F61C2B-D604-4A86-AE33-D79EA2FA2E45}.Release|Any CPU.ActiveCfg = Release|Any CPU
		{78F61C2B-D604-4A86-AE33-D79EA2FA2E45}.Release|Any CPU.Build.0 = Release|Any CPU
		{74319491-2796-4763-9365-5215E4C4D5DC}.Debug|Any CPU.ActiveCfg = Debug|Any CPU
		{74319491-2796-4763-9365-5215E4C4D5DC}.Debug|Any CPU.Build.0 = Debug|Any CPU
		{74319491-2796-4763-9365-5215E4C4D5DC}.Release|Any CPU.ActiveCfg = Release|Any CPU
		{74319491-2796-4763-9365-5215E4C4D5DC}.Release|Any CPU.Build.0 = Release|Any CPU
		{C03EF489-833D-404F-B3AE-A5A266499F23}.Debug|Any CPU.ActiveCfg = Debug|Any CPU
		{C03EF489-833D-404F-B3AE-A5A266499F23}.Debug|Any CPU.Build.0 = Debug|Any CPU
		{C03EF489-833D-404F-B3AE-A5A266499F23}.Release|Any CPU.ActiveCfg = Release|Any CPU
		{C03EF489-833D-404F-B3AE-A5A266499F23}.Release|Any CPU.Build.0 = Release|Any CPU
		{1210F705-ABBA-4EC0-943A-E9CC35B1642A}.Debug|Any CPU.ActiveCfg = Debug|Any CPU
		{1210F705-ABBA-4EC0-943A-E9CC35B1642A}.Debug|Any CPU.Build.0 = Debug|Any CPU
		{1210F705-ABBA-4EC0-943A-E9CC35B1642A}.Release|Any CPU.ActiveCfg = Release|Any CPU
		{1210F705-ABBA-4EC0-943A-E9CC35B1642A}.Release|Any CPU.Build.0 = Release|Any CPU
		{E5C1D953-B6DB-4CC0-8490-BF2F43994D92}.Debug|Any CPU.ActiveCfg = Debug|Any CPU
		{E5C1D953-B6DB-4CC0-8490-BF2F43994D92}.Debug|Any CPU.Build.0 = Debug|Any CPU
		{E5C1D953-B6DB-4CC0-8490-BF2F43994D92}.Release|Any CPU.ActiveCfg = Release|Any CPU
		{E5C1D953-B6DB-4CC0-8490-BF2F43994D92}.Release|Any CPU.Build.0 = Release|Any CPU
		{FFA584A8-9F7E-47BF-926B-E6CDE1461C10}.Debug|Any CPU.ActiveCfg = Debug|Any CPU
		{FFA584A8-9F7E-47BF-926B-E6CDE1461C10}.Debug|Any CPU.Build.0 = Debug|Any CPU
		{FFA584A8-9F7E-47BF-926B-E6CDE1461C10}.Release|Any CPU.ActiveCfg = Release|Any CPU
		{FFA584A8-9F7E-47BF-926B-E6CDE1461C10}.Release|Any CPU.Build.0 = Release|Any CPU
		{EE5CD42F-C866-4B30-8C55-AA789F8272A5}.Debug|Any CPU.ActiveCfg = Debug|Any CPU
		{EE5CD42F-C866-4B30-8C55-AA789F8272A5}.Debug|Any CPU.Build.0 = Debug|Any CPU
		{EE5CD42F-C866-4B30-8C55-AA789F8272A5}.Release|Any CPU.ActiveCfg = Release|Any CPU
		{EE5CD42F-C866-4B30-8C55-AA789F8272A5}.Release|Any CPU.Build.0 = Release|Any CPU
		{04EF6EB0-62B4-4A01-89B6-2BD0CCF8554C}.Debug|Any CPU.ActiveCfg = Debug|Any CPU
		{04EF6EB0-62B4-4A01-89B6-2BD0CCF8554C}.Debug|Any CPU.Build.0 = Debug|Any CPU
		{04EF6EB0-62B4-4A01-89B6-2BD0CCF8554C}.Release|Any CPU.ActiveCfg = Release|Any CPU
		{04EF6EB0-62B4-4A01-89B6-2BD0CCF8554C}.Release|Any CPU.Build.0 = Release|Any CPU
		{A30AFF91-165D-46BA-994C-E3184431D320}.Debug|Any CPU.ActiveCfg = Debug|Any CPU
		{A30AFF91-165D-46BA-994C-E3184431D320}.Debug|Any CPU.Build.0 = Debug|Any CPU
		{A30AFF91-165D-46BA-994C-E3184431D320}.Release|Any CPU.ActiveCfg = Release|Any CPU
		{A30AFF91-165D-46BA-994C-E3184431D320}.Release|Any CPU.Build.0 = Release|Any CPU
		{4AD1DD6F-E20D-4FBA-821D-4CEB5F7727C4}.Debug|Any CPU.ActiveCfg = Debug|Any CPU
		{4AD1DD6F-E20D-4FBA-821D-4CEB5F7727C4}.Debug|Any CPU.Build.0 = Debug|Any CPU
		{4AD1DD6F-E20D-4FBA-821D-4CEB5F7727C4}.Release|Any CPU.ActiveCfg = Release|Any CPU
		{4AD1DD6F-E20D-4FBA-821D-4CEB5F7727C4}.Release|Any CPU.Build.0 = Release|Any CPU
		{D6AACAFA-1E09-42F6-B790-8A1283C1E1CA}.Debug|Any CPU.ActiveCfg = Debug|Any CPU
		{D6AACAFA-1E09-42F6-B790-8A1283C1E1CA}.Debug|Any CPU.Build.0 = Debug|Any CPU
		{D6AACAFA-1E09-42F6-B790-8A1283C1E1CA}.Release|Any CPU.ActiveCfg = Release|Any CPU
		{D6AACAFA-1E09-42F6-B790-8A1283C1E1CA}.Release|Any CPU.Build.0 = Release|Any CPU
		{548CE6AF-871D-4D8F-98CB-E55976C58E1A}.Debug|Any CPU.ActiveCfg = Debug|Any CPU
		{548CE6AF-871D-4D8F-98CB-E55976C58E1A}.Debug|Any CPU.Build.0 = Debug|Any CPU
		{548CE6AF-871D-4D8F-98CB-E55976C58E1A}.Release|Any CPU.ActiveCfg = Release|Any CPU
		{548CE6AF-871D-4D8F-98CB-E55976C58E1A}.Release|Any CPU.Build.0 = Release|Any CPU
		{0E7DB92F-9645-452A-A8D5-97F29F3256D0}.Debug|Any CPU.ActiveCfg = Debug|Any CPU
		{0E7DB92F-9645-452A-A8D5-97F29F3256D0}.Debug|Any CPU.Build.0 = Debug|Any CPU
		{0E7DB92F-9645-452A-A8D5-97F29F3256D0}.Release|Any CPU.ActiveCfg = Release|Any CPU
		{0E7DB92F-9645-452A-A8D5-97F29F3256D0}.Release|Any CPU.Build.0 = Release|Any CPU
	EndGlobalSection
	GlobalSection(NestedProjects) = preSolution
		{26284571-0E09-4BAF-8C2B-DF87DCC1BA0B} = {8DD280D4-1E14-4D5E-AFE6-58DD8F079DCC}
		{64B26DED-68C3-47FF-B409-1C8FAD4F9176} = {197E72AD-DEAB-4350-AFC3-A3BB38720BF5}
		{78F61C2B-D604-4A86-AE33-D79EA2FA2E45} = {85D9748B-B4DD-428D-850A-DCF23F8DBA39}
		{74319491-2796-4763-9365-5215E4C4D5DC} = {197E72AD-DEAB-4350-AFC3-A3BB38720BF5}
		{C03EF489-833D-404F-B3AE-A5A266499F23} = {197E72AD-DEAB-4350-AFC3-A3BB38720BF5}
		{1210F705-ABBA-4EC0-943A-E9CC35B1642A} = {8DD280D4-1E14-4D5E-AFE6-58DD8F079DCC}
		{E5C1D953-B6DB-4CC0-8490-BF2F43994D92} = {8DD280D4-1E14-4D5E-AFE6-58DD8F079DCC}
		{FFA584A8-9F7E-47BF-926B-E6CDE1461C10} = {197E72AD-DEAB-4350-AFC3-A3BB38720BF5}
		{ADEADD97-0AFA-4D9E-970B-9FFB932949B3} = {25ED7F52-E54D-45E9-8CC9-37E2FB0F08F2}
		{5617CC84-C589-46E6-9E36-7F891590BE0F} = {25ED7F52-E54D-45E9-8CC9-37E2FB0F08F2}
		{EE5CD42F-C866-4B30-8C55-AA789F8272A5} = {8DD280D4-1E14-4D5E-AFE6-58DD8F079DCC}
		{2DDCBB0C-9075-4F2B-8987-0D9B0BADB9FD} = {25ED7F52-E54D-45E9-8CC9-37E2FB0F08F2}
		{04EF6EB0-62B4-4A01-89B6-2BD0CCF8554C} = {197E72AD-DEAB-4350-AFC3-A3BB38720BF5}
		{A30AFF91-165D-46BA-994C-E3184431D320} = {197E72AD-DEAB-4350-AFC3-A3BB38720BF5}
		{4AD1DD6F-E20D-4FBA-821D-4CEB5F7727C4} = {197E72AD-DEAB-4350-AFC3-A3BB38720BF5}
		{D6AACAFA-1E09-42F6-B790-8A1283C1E1CA} = {8DD280D4-1E14-4D5E-AFE6-58DD8F079DCC}
		{548CE6AF-871D-4D8F-98CB-E55976C58E1A} = {197E72AD-DEAB-4350-AFC3-A3BB38720BF5}
		{0E7DB92F-9645-452A-A8D5-97F29F3256D0} = {8DD280D4-1E14-4D5E-AFE6-58DD8F079DCC}
	EndGlobalSection
EndGlobal
