
Microsoft Visual Studio Solution File, Format Version 12.00
Project("{FAE04EC0-301F-11D3-BF4B-00C04F79EFBC}") = "InfiniLore.InfiniBlazor", "src\InfiniLore.InfiniBlazor\InfiniLore.InfiniBlazor.csproj", "{64B26DED-68C3-47FF-B409-1C8FAD4F9176}"
EndProject
Project("{FAE04EC0-301F-11D3-BF4B-00C04F79EFBC}") = "Tests.InfiniLore.InfiniBlazor", "tests\Tests.InfiniLore.InfiniBlazor\Tests.InfiniLore.InfiniBlazor.csproj", "{26284571-0E09-4BAF-8C2B-DF87DCC1BA0B}"
EndProject
Project("{2150E333-8FDC-42A3-9474-1A3956D46DE8}") = "src", "src", "{197E72AD-DEAB-4350-AFC3-A3BB38720BF5}"
EndProject
Project("{2150E333-8FDC-42A3-9474-1A3956D46DE8}") = "tests", "tests", "{8DD280D4-1E14-4D5E-AFE6-58DD8F079DCC}"
EndProject
Project("{FAE04EC0-301F-11D3-BF4B-00C04F79EFBC}") = "Tools.InfiniLore.InfiniBlazor", "src\Tools.InfiniLore.InfiniBlazor\Tools.InfiniLore.InfiniBlazor.csproj", "{ADEADD97-0AFA-4D9E-970B-9FFB932949B3}"
EndProject
Project("{2150E333-8FDC-42A3-9474-1A3956D46DE8}") = "example", "example", "{85D9748B-B4DD-428D-850A-DCF23F8DBA39}"
EndProject
Project("{FAE04EC0-301F-11D3-BF4B-00C04F79EFBC}") = "Example.InfiniLore.InfiniBlazor", "examples\Example.InfiniLore.InfiniBlazor\Example.InfiniLore.InfiniBlazor.csproj", "{78F61C2B-D604-4A86-AE33-D79EA2FA2E45}"
EndProject
Project("{FAE04EC0-301F-11D3-BF4B-00C04F79EFBC}") = "InfiniLore.InfiniBlazor.Markdown", "src\InfiniLore.InfiniBlazor.Markdown\InfiniLore.InfiniBlazor.Markdown.csproj", "{74319491-2796-4763-9365-5215E4C4D5DC}"
EndProject
Project("{FAE04EC0-301F-11D3-BF4B-00C04F79EFBC}") = "InfiniLore.InfiniBlazor.Contracts", "src\InfiniLore.InfiniBlazor.Contracts\InfiniLore.InfiniBlazor.Contracts.csproj", "{C03EF489-833D-404F-B3AE-A5A266499F23}"
EndProject
Project("{FAE04EC0-301F-11D3-BF4B-00C04F79EFBC}") = "Tests.InfiniLore.InfiniBlazor.Markdown", "tests\Tests.InfiniLore.InfiniBlazor.Markdown\Tests.InfiniLore.InfiniBlazor.Markdown.csproj", "{1210F705-ABBA-4EC0-943A-E9CC35B1642A}"
EndProject
Project("{FAE04EC0-301F-11D3-BF4B-00C04F79EFBC}") = "Benchmarks.InfiniLore.InfiniBlazor.Markdown", "tests\Benchmarks.InfiniLore.InfiniBlazor.Markdown\Benchmarks.InfiniLore.InfiniBlazor.Markdown.csproj", "{E5C1D953-B6DB-4CC0-8490-BF2F43994D92}"
EndProject
Project("{2150E333-8FDC-42A3-9474-1A3956D46DE8}") = ".dev-tools", ".dev-tools", "{25ED7F52-E54D-45E9-8CC9-37E2FB0F08F2}"
EndProject
Project("{FAE04EC0-301F-11D3-BF4B-00C04F79EFBC}") = "Workfloor.InfiniLore.InfiniBlazor", "examples\Workfloor.InfiniLore.InfiniBlazor\Workfloor.InfiniLore.InfiniBlazor.csproj", "{74F08627-07BE-432B-8893-E1DFA7045731}"
EndProject
Project("{FAE04EC0-301F-11D3-BF4B-00C04F79EFBC}") = "InfiniLore.InfiniBlazor.Themes", "src\InfiniLore.InfiniBlazor.Themes\InfiniLore.InfiniBlazor.Themes.csproj", "{FFA584A8-9F7E-47BF-926B-E6CDE1461C10}"
EndProject
Project("{2150E333-8FDC-42A3-9474-1A3956D46DE8}") = "web", "web", "{5617CC84-C589-46E6-9E36-7F891590BE0F}"
	ProjectSection(SolutionItems) = preProject
		tsconfig.json = tsconfig.json
	EndProjectSection
EndProject
Global
	GlobalSection(SolutionConfigurationPlatforms) = preSolution
		Debug|Any CPU = Debug|Any CPU
		Release|Any CPU = Release|Any CPU
	EndGlobalSection
	GlobalSection(ProjectConfigurationPlatforms) = postSolution
		{64B26DED-68C3-47FF-B409-1C8FAD4F9176}.Debug|Any CPU.ActiveCfg = Debug|Any CPU
		{64B26DED-68C3-47FF-B409-1C8FAD4F9176}.Debug|Any CPU.Build.0 = Debug|Any CPU
		{64B26DED-68C3-47FF-B409-1C8FAD4F9176}.Release|Any CPU.ActiveCfg = Release|Any CPU
		{64B26DED-68C3-47FF-B409-1C8FAD4F9176}.Release|Any CPU.Build.0 = Release|Any CPU
		{26284571-0E09-4BAF-8C2B-DF87DCC1BA0B}.Debug|Any CPU.ActiveCfg = Debug|Any CPU
		{26284571-0E09-4BAF-8C2B-DF87DCC1BA0B}.Debug|Any CPU.Build.0 = Debug|Any CPU
		{26284571-0E09-4BAF-8C2B-DF87DCC1BA0B}.Release|Any CPU.ActiveCfg = Release|Any CPU
		{26284571-0E09-4BAF-8C2B-DF87DCC1BA0B}.Release|Any CPU.Build.0 = Release|Any CPU
		{ADEADD97-0AFA-4D9E-970B-9FFB932949B3}.Debug|Any CPU.ActiveCfg = Debug|Any CPU
		{ADEADD97-0AFA-4D9E-970B-9FFB932949B3}.Debug|Any CPU.Build.0 = Debug|Any CPU
		{ADEADD97-0AFA-4D9E-970B-9FFB932949B3}.Release|Any CPU.ActiveCfg = Release|Any CPU
		{ADEADD97-0AFA-4D9E-970B-9FFB932949B3}.Release|Any CPU.Build.0 = Release|Any CPU
		{78F61C2B-D604-4A86-AE33-D79EA2FA2E45}.Debug|Any CPU.ActiveCfg = Debug|Any CPU
		{78F61C2B-D604-4A86-AE33-D79EA2FA2E45}.Debug|Any CPU.Build.0 = Debug|Any CPU
		{78F61C2B-D604-4A86-AE33-D79EA2FA2E45}.Release|Any CPU.ActiveCfg = Release|Any CPU
		{78F61C2B-D604-4A86-AE33-D79EA2FA2E45}.Release|Any CPU.Build.0 = Release|Any CPU
		{74319491-2796-4763-9365-5215E4C4D5DC}.Debug|Any CPU.ActiveCfg = Debug|Any CPU
		{74319491-2796-4763-9365-5215E4C4D5DC}.Debug|Any CPU.Build.0 = Debug|Any CPU
		{74319491-2796-4763-9365-5215E4C4D5DC}.Release|Any CPU.ActiveCfg = Release|Any CPU
		{74319491-2796-4763-9365-5215E4C4D5DC}.Release|Any CPU.Build.0 = Release|Any CPU
		{C03EF489-833D-404F-B3AE-A5A266499F23}.Debug|Any CPU.ActiveCfg = Debug|Any CPU
		{C03EF489-833D-404F-B3AE-A5A266499F23}.Debug|Any CPU.Build.0 = Debug|Any CPU
		{C03EF489-833D-404F-B3AE-A5A266499F23}.Release|Any CPU.ActiveCfg = Release|Any CPU
		{C03EF489-833D-404F-B3AE-A5A266499F23}.Release|Any CPU.Build.0 = Release|Any CPU
		{1210F705-ABBA-4EC0-943A-E9CC35B1642A}.Debug|Any CPU.ActiveCfg = Debug|Any CPU
		{1210F705-ABBA-4EC0-943A-E9CC35B1642A}.Debug|Any CPU.Build.0 = Debug|Any CPU
		{1210F705-ABBA-4EC0-943A-E9CC35B1642A}.Release|Any CPU.ActiveCfg = Release|Any CPU
		{1210F705-ABBA-4EC0-943A-E9CC35B1642A}.Release|Any CPU.Build.0 = Release|Any CPU
		{E5C1D953-B6DB-4CC0-8490-BF2F43994D92}.Debug|Any CPU.ActiveCfg = Debug|Any CPU
		{E5C1D953-B6DB-4CC0-8490-BF2F43994D92}.Debug|Any CPU.Build.0 = Debug|Any CPU
		{E5C1D953-B6DB-4CC0-8490-BF2F43994D92}.Release|Any CPU.ActiveCfg = Release|Any CPU
		{E5C1D953-B6DB-4CC0-8490-BF2F43994D92}.Release|Any CPU.Build.0 = Release|Any CPU
		{74F08627-07BE-432B-8893-E1DFA7045731}.Debug|Any CPU.ActiveCfg = Debug|Any CPU
		{74F08627-07BE-432B-8893-E1DFA7045731}.Debug|Any CPU.Build.0 = Debug|Any CPU
		{74F08627-07BE-432B-8893-E1DFA7045731}.Release|Any CPU.ActiveCfg = Release|Any CPU
		{74F08627-07BE-432B-8893-E1DFA7045731}.Release|Any CPU.Build.0 = Release|Any CPU
		{FFA584A8-9F7E-47BF-926B-E6CDE1461C10}.Debug|Any CPU.ActiveCfg = Debug|Any CPU
		{FFA584A8-9F7E-47BF-926B-E6CDE1461C10}.Debug|Any CPU.Build.0 = Debug|Any CPU
		{FFA584A8-9F7E-47BF-926B-E6CDE1461C10}.Release|Any CPU.ActiveCfg = Release|Any CPU
		{FFA584A8-9F7E-47BF-926B-E6CDE1461C10}.Release|Any CPU.Build.0 = Release|Any CPU
	EndGlobalSection
	GlobalSection(NestedProjects) = preSolution
		{26284571-0E09-4BAF-8C2B-DF87DCC1BA0B} = {8DD280D4-1E14-4D5E-AFE6-58DD8F079DCC}
		{64B26DED-68C3-47FF-B409-1C8FAD4F9176} = {197E72AD-DEAB-4350-AFC3-A3BB38720BF5}
		{78F61C2B-D604-4A86-AE33-D79EA2FA2E45} = {85D9748B-B4DD-428D-850A-DCF23F8DBA39}
		{74319491-2796-4763-9365-5215E4C4D5DC} = {197E72AD-DEAB-4350-AFC3-A3BB38720BF5}
		{C03EF489-833D-404F-B3AE-A5A266499F23} = {197E72AD-DEAB-4350-AFC3-A3BB38720BF5}
		{1210F705-ABBA-4EC0-943A-E9CC35B1642A} = {8DD280D4-1E14-4D5E-AFE6-58DD8F079DCC}
		{E5C1D953-B6DB-4CC0-8490-BF2F43994D92} = {8DD280D4-1E14-4D5E-AFE6-58DD8F079DCC}
		{74F08627-07BE-432B-8893-E1DFA7045731} = {85D9748B-B4DD-428D-850A-DCF23F8DBA39}
		{FFA584A8-9F7E-47BF-926B-E6CDE1461C10} = {197E72AD-DEAB-4350-AFC3-A3BB38720BF5}
		{ADEADD97-0AFA-4D9E-970B-9FFB932949B3} = {25ED7F52-E54D-45E9-8CC9-37E2FB0F08F2}
		{5617CC84-C589-46E6-9E36-7F891590BE0F} = {25ED7F52-E54D-45E9-8CC9-37E2FB0F08F2}
	EndGlobalSection
EndGlobal
